
Microsoft Visual Studio Solution File, Format Version 12.00
# Visual Studio Version 16
VisualStudioVersion = 16.0.29324.140
MinimumVisualStudioVersion = 10.0.40219.1
Project("{FAE04EC0-301F-11D3-BF4B-00C04F79EFBC}") = "TPSLRawDataSimulator", "TPSLRawDataSimulator\TPSLRawDataSimulator.csproj", "{3792D3DD-9F6D-457E-B438-00E24B875E74}"
EndProject
Global
	GlobalSection(SolutionConfigurationPlatforms) = preSolution
		Debug|Any CPU = Debug|Any CPU
		Release|Any CPU = Release|Any CPU
	EndGlobalSection
	GlobalSection(ProjectConfigurationPlatforms) = postSolution
		{3792D3DD-9F6D-457E-B438-00E24B875E74}.Debug|Any CPU.ActiveCfg = Debug|Any CPU
		{3792D3DD-9F6D-457E-B438-00E24B875E74}.Debug|Any CPU.Build.0 = Debug|Any CPU
		{3792D3DD-9F6D-457E-B438-00E24B875E74}.Release|Any CPU.ActiveCfg = Release|Any CPU
		{3792D3DD-9F6D-457E-B438-00E24B875E74}.Release|Any CPU.Build.0 = Release|Any CPU
	EndGlobalSection
	GlobalSection(SolutionProperties) = preSolution
		HideSolutionNode = FALSE
	EndGlobalSection
	GlobalSection(ExtensibilityGlobals) = postSolution
		SolutionGuid = {B496DCE3-C0AB-44CF-BC95-B6510BD213CB}
	EndGlobalSection
EndGlobal
